
Microsoft Visual Studio Solution File, Format Version 12.00
# Visual Studio Version 17
VisualStudioVersion = 17.3.32825.248
MinimumVisualStudioVersion = 10.0.40219.1
Project("{FAE04EC0-301F-11D3-BF4B-00C04F79EFBC}") = "DummyDatabase", "DummyDatabase.csproj", "{D47B9513-7E46-4A3A-8238-7BFDCA07B17E}"
EndProject
Global
	GlobalSection(SolutionConfigurationPlatforms) = preSolution
		Debug|Any CPU = Debug|Any CPU
		Release|Any CPU = Release|Any CPU
	EndGlobalSection
	GlobalSection(ProjectConfigurationPlatforms) = postSolution
		{D47B9513-7E46-4A3A-8238-7BFDCA07B17E}.Debug|Any CPU.ActiveCfg = Debug|Any CPU
		{D47B9513-7E46-4A3A-8238-7BFDCA07B17E}.Debug|Any CPU.Build.0 = Debug|Any CPU
		{D47B9513-7E46-4A3A-8238-7BFDCA07B17E}.Release|Any CPU.ActiveCfg = Release|Any CPU
		{D47B9513-7E46-4A3A-8238-7BFDCA07B17E}.Release|Any CPU.Build.0 = Release|Any CPU
	EndGlobalSection
	GlobalSection(SolutionProperties) = preSolution
		HideSolutionNode = FALSE
	EndGlobalSection
	GlobalSection(ExtensibilityGlobals) = postSolution
		SolutionGuid = {AF921DA2-E64A-4D02-B6E6-9B7EE14CAE7A}
	EndGlobalSection
EndGlobal
